
Microsoft Visual Studio Solution File, Format Version 12.00
# Visual Studio Version 17
VisualStudioVersion = 17.14.36221.1
MinimumVisualStudioVersion = 10.0.40219.1
Project("{FAE04EC0-301F-11D3-BF4B-00C04F79EFBC}") = "DoctorAppointmentApi", "DoctorAppointmentApi\DoctorAppointmentApi.csproj", "{BD421275-B969-4BC5-97E4-EAA0FC08687B}"
EndProject
Project("{FAE04EC0-301F-11D3-BF4B-00C04F79EFBC}") = "DoctorAppointmentClient", "DoctorAppointmentClient\DoctorAppointmentClient.csproj", "{C665F551-631F-46F7-A008-B944CAC24A36}"
EndProject
Global
	GlobalSection(SolutionConfigurationPlatforms) = preSolution
		Debug|Any CPU = Debug|Any CPU
		Release|Any CPU = Release|Any CPU
	EndGlobalSection
	GlobalSection(ProjectConfigurationPlatforms) = postSolution
		{BD421275-B969-4BC5-97E4-EAA0FC08687B}.Debug|Any CPU.ActiveCfg = Debug|Any CPU
		{BD421275-B969-4BC5-97E4-EAA0FC08687B}.Debug|Any CPU.Build.0 = Debug|Any CPU
		{BD421275-B969-4BC5-97E4-EAA0FC08687B}.Release|Any CPU.ActiveCfg = Release|Any CPU
		{BD421275-B969-4BC5-97E4-EAA0FC08687B}.Release|Any CPU.Build.0 = Release|Any CPU
		{C665F551-631F-46F7-A008-B944CAC24A36}.Debug|Any CPU.ActiveCfg = Debug|Any CPU
		{C665F551-631F-46F7-A008-B944CAC24A36}.Debug|Any CPU.Build.0 = Debug|Any CPU
		{C665F551-631F-46F7-A008-B944CAC24A36}.Release|Any CPU.ActiveCfg = Release|Any CPU
		{C665F551-631F-46F7-A008-B944CAC24A36}.Release|Any CPU.Build.0 = Release|Any CPU
	EndGlobalSection
	GlobalSection(SolutionProperties) = preSolution
		HideSolutionNode = FALSE
	EndGlobalSection
	GlobalSection(ExtensibilityGlobals) = postSolution
		SolutionGuid = {2BD092CB-E888-474B-8A57-8AD490A532C6}
	EndGlobalSection
EndGlobal
